version: 6
environments:
  default:
    channels:
    - url: https://conda.anaconda.org/conda-forge/
    indexes:
    - https://pypi.org/simple
    packages:
      osx-arm64:
      - conda: https://conda.anaconda.org/conda-forge/noarch/backports.zstd-1.3.0-py314h680f03e_0.conda
      - conda: https://conda.anaconda.org/conda-forge/osx-arm64/brotli-python-1.2.0-py314h3daef5d_1.conda
      - conda: https://conda.anaconda.org/conda-forge/osx-arm64/bzip2-1.0.8-hd037594_9.conda
      - conda: https://conda.anaconda.org/conda-forge/osx-arm64/c-ares-1.34.6-hc919400_0.conda
      - conda: https://conda.anaconda.org/conda-forge/noarch/ca-certificates-2026.2.25-hbd8a1cb_0.conda
      - conda: https://conda.anaconda.org/conda-forge/noarch/certifi-2026.2.25-pyhd8ed1ab_0.conda
      - conda: https://conda.anaconda.org/conda-forge/noarch/charset-normalizer-3.4.4-pyhd8ed1ab_0.conda
      - conda: https://conda.anaconda.org/conda-forge/noarch/defusedxml-0.7.1-pyhd8ed1ab_0.tar.bz2
      - conda: https://conda.anaconda.org/conda-forge/osx-arm64/git-2.53.0-pl5321hc9deb11_0.conda
      - conda: https://conda.anaconda.org/conda-forge/noarch/git-filter-repo-2.47.0-pyhcf101f3_0.conda
      - conda: https://conda.anaconda.org/conda-forge/noarch/h2-4.3.0-pyhcf101f3_0.conda
      - conda: https://conda.anaconda.org/conda-forge/noarch/hpack-4.1.0-pyhd8ed1ab_0.conda
      - conda: https://conda.anaconda.org/conda-forge/noarch/hyperframe-6.1.0-pyhd8ed1ab_0.conda
      - conda: https://conda.anaconda.org/conda-forge/osx-arm64/icu-78.2-hef89b57_0.conda
      - conda: https://conda.anaconda.org/conda-forge/noarch/idna-3.11-pyhd8ed1ab_0.conda
      - conda: https://conda.anaconda.org/conda-forge/osx-arm64/krb5-1.22.2-h385eeb1_0.conda
      - conda: https://conda.anaconda.org/conda-forge/osx-arm64/libcurl-8.18.0-hd5a2499_1.conda
      - conda: https://conda.anaconda.org/conda-forge/osx-arm64/libcxx-22.1.0-h55c6f16_1.conda
      - conda: https://conda.anaconda.org/conda-forge/osx-arm64/libedit-3.1.20250104-pl5321hafb1f1b_0.conda
      - conda: https://conda.anaconda.org/conda-forge/osx-arm64/libev-4.33-h93a5062_2.conda
      - conda: https://conda.anaconda.org/conda-forge/osx-arm64/libexpat-2.7.4-hf6b4638_0.conda
      - conda: https://conda.anaconda.org/conda-forge/osx-arm64/libffi-3.5.2-hcf2aa1b_0.conda
      - conda: https://conda.anaconda.org/conda-forge/osx-arm64/libiconv-1.18-h23cfdf5_2.conda
      - conda: https://conda.anaconda.org/conda-forge/osx-arm64/libintl-0.25.1-h493aca8_0.conda
      - conda: https://conda.anaconda.org/conda-forge/osx-arm64/liblzma-5.8.2-h8088a28_0.conda
      - conda: https://conda.anaconda.org/conda-forge/osx-arm64/libmpdec-4.0.0-h84a0fba_1.conda
      - conda: https://conda.anaconda.org/conda-forge/osx-arm64/libnghttp2-1.67.0-hc438710_0.conda
      - conda: https://conda.anaconda.org/conda-forge/osx-arm64/libsqlite-3.51.2-h1ae2325_0.conda
      - conda: https://conda.anaconda.org/conda-forge/osx-arm64/libssh2-1.11.1-h1590b86_0.conda
      - conda: https://conda.anaconda.org/conda-forge/osx-arm64/libzlib-1.3.1-h8359307_2.conda
      - conda: https://conda.anaconda.org/conda-forge/osx-arm64/ncurses-6.5-h5e97a16_3.conda
      - conda: https://conda.anaconda.org/conda-forge/osx-arm64/openssl-3.6.1-hd24854e_1.conda
      - conda: https://conda.anaconda.org/conda-forge/osx-arm64/pcre2-10.47-h30297fc_0.conda
      - conda: https://conda.anaconda.org/conda-forge/osx-arm64/perl-5.32.1-7_h4614cfb_perl5.conda
      - conda: https://conda.anaconda.org/conda-forge/noarch/pysocks-1.7.1-pyha55dd90_7.conda
      - conda: https://conda.anaconda.org/conda-forge/osx-arm64/python-3.14.3-h4c637c5_101_cp314.conda
      - conda: https://conda.anaconda.org/conda-forge/noarch/python_abi-3.14-8_cp314.conda
      - conda: https://conda.anaconda.org/conda-forge/osx-arm64/readline-8.3-h46df422_0.conda
      - conda: https://conda.anaconda.org/conda-forge/noarch/requests-2.32.5-pyhcf101f3_1.conda
      - conda: https://conda.anaconda.org/conda-forge/osx-arm64/tk-8.6.13-h010d191_3.conda
      - conda: https://conda.anaconda.org/conda-forge/noarch/tzdata-2025c-hc9c84f9_1.conda
      - conda: https://conda.anaconda.org/conda-forge/noarch/urllib3-2.6.3-pyhd8ed1ab_0.conda
      - conda: https://conda.anaconda.org/conda-forge/noarch/youtube-transcript-api-1.2.4-pyhcf101f3_1.conda
      - conda: https://conda.anaconda.org/conda-forge/osx-arm64/zstd-1.5.7-hbf9d68e_6.conda
      - pypi: https://files.pythonhosted.org/packages/4b/27/20770bd6bf8fbe1e16f848ba21da9df061f38d2e6483952c29d2bb5d1d8b/narwhals-2.17.0-py3-none-any.whl
      - pypi: https://files.pythonhosted.org/packages/9e/c9/b2622292ea83fbb4ec318f5b9ab867d0a28ab43c5717bb85b0a5f6b3b0a4/networkx-3.6.1-py3-none-any.whl
      - pypi: https://files.pythonhosted.org/packages/25/7a/1fee4329abc705a469a4afe6e69b1ef7e915117747886327104a8493a955/numpy-2.4.2-cp314-cp314-macosx_11_0_arm64.whl
      - pypi: https://files.pythonhosted.org/packages/b7/b9/c538f279a4e237a006a2c98387d081e9eb060d203d8ed34467cc0f0b9b53/packaging-26.0-py3-none-any.whl
      - pypi: https://files.pythonhosted.org/packages/52/d2/c6e44dba74f17c6216ce1b56044a9b93a929f1c2d5bdaff892512b260f5e/plotly-6.6.0-py3-none-any.whl
      - pypi: ./
packages:
- conda: https://conda.anaconda.org/conda-forge/noarch/backports.zstd-1.3.0-py314h680f03e_0.conda
  noarch: generic
  sha256: c31ab719d256bc6f89926131e88ecd0f0c5d003fe8481852c6424f4ec6c7eb29
  md5: a2ac7763a9ac75055b68f325d3255265
  depends:
  - python >=3.14
  license: BSD-3-Clause AND MIT AND EPL-2.0
  purls: []
  size: 7514
  timestamp: 1767044983590
- conda: https://conda.anaconda.org/conda-forge/osx-arm64/brotli-python-1.2.0-py314h3daef5d_1.conda
  sha256: 5c2e471fd262fcc3c5a9d5ea4dae5917b885e0e9b02763dbd0f0d9635ed4cb99
  md5: f9501812fe7c66b6548c7fcaa1c1f252
  depends:
  - __osx >=11.0
  - libcxx >=19
  - python >=3.14,<3.15.0a0
  - python >=3.14,<3.15.0a0 *_cp314
  - python_abi 3.14.* *_cp314
  constrains:
  - libbrotlicommon 1.2.0 hc919400_1
  license: MIT
  license_family: MIT
  purls:
  - pkg:pypi/brotli?source=hash-mapping
  size: 359854
  timestamp: 1764018178608
- conda: https://conda.anaconda.org/conda-forge/osx-arm64/bzip2-1.0.8-hd037594_9.conda
  sha256: 540fe54be35fac0c17feefbdc3e29725cce05d7367ffedfaaa1bdda234b019df
  md5: 620b85a3f45526a8bc4d23fd78fc22f0
  depends:
  - __osx >=11.0
  license: bzip2-1.0.6
  license_family: BSD
  purls: []
  size: 124834
  timestamp: 1771350416561
- conda: https://conda.anaconda.org/conda-forge/osx-arm64/c-ares-1.34.6-hc919400_0.conda
  sha256: 2995f2aed4e53725e5efbc28199b46bf311c3cab2648fc4f10c2227d6d5fa196
  md5: bcb3cba70cf1eec964a03b4ba7775f01
  depends:
  - __osx >=11.0
  license: MIT
  license_family: MIT
  purls: []
  size: 180327
  timestamp: 1765215064054
- conda: https://conda.anaconda.org/conda-forge/noarch/ca-certificates-2026.2.25-hbd8a1cb_0.conda
  sha256: 67cc7101b36421c5913a1687ef1b99f85b5d6868da3abbf6ec1a4181e79782fc
  md5: 4492fd26db29495f0ba23f146cd5638d
  depends:
  - __unix
  license: ISC
  purls: []
  size: 147413
  timestamp: 1772006283803
- conda: https://conda.anaconda.org/conda-forge/noarch/certifi-2026.2.25-pyhd8ed1ab_0.conda
  sha256: a6b118fd1ed6099dc4fc03f9c492b88882a780fadaef4ed4f93dc70757713656
  md5: 765c4d97e877cdbbb88ff33152b86125
  depends:
  - python >=3.10
  license: ISC
  purls:
  - pkg:pypi/certifi?source=compressed-mapping
  size: 151445
  timestamp: 1772001170301
- conda: https://conda.anaconda.org/conda-forge/noarch/charset-normalizer-3.4.4-pyhd8ed1ab_0.conda
  sha256: b32f8362e885f1b8417bac2b3da4db7323faa12d5db62b7fd6691c02d60d6f59
  md5: a22d1fd9bf98827e280a02875d9a007a
  depends:
  - python >=3.10
  license: MIT
  license_family: MIT
  purls:
  - pkg:pypi/charset-normalizer?source=hash-mapping
  size: 50965
  timestamp: 1760437331772
- conda: https://conda.anaconda.org/conda-forge/noarch/defusedxml-0.7.1-pyhd8ed1ab_0.tar.bz2
  sha256: 9717a059677553562a8f38ff07f3b9f61727bd614f505658b0a5ecbcf8df89be
  md5: 961b3a227b437d82ad7054484cfa71b2
  depends:
  - python >=3.6
  license: PSF-2.0
  license_family: PSF
  purls:
  - pkg:pypi/defusedxml?source=hash-mapping
  size: 24062
  timestamp: 1615232388757
- conda: https://conda.anaconda.org/conda-forge/osx-arm64/git-2.53.0-pl5321hc9deb11_0.conda
  sha256: 9a9e533f358b0f916f2b35aef18da810b5e939009a49cbcdef15d09707da6be3
  md5: af0032d1c86e87c67280ab7245033679
  depends:
  - __osx >=11.0
  - libcurl >=8.18.0,<9.0a0
  - libexpat >=2.7.3,<3.0a0
  - libiconv >=1.18,<2.0a0
  - libintl >=0.25.1,<1.0a0
  - libzlib >=1.3.1,<2.0a0
  - openssl >=3.5.5,<4.0a0
  - pcre2 >=10.47,<10.48.0a0
  - perl 5.*
  license: GPL-2.0-or-later and LGPL-2.1-or-later
  purls: []
  size: 12147897
  timestamp: 1770983007084
- conda: https://conda.anaconda.org/conda-forge/noarch/git-filter-repo-2.47.0-pyhcf101f3_0.conda
  sha256: 63c5873a18742c4fece3428abe4156f0a74a497ff688cd3470489a6e53e62c4c
  md5: 5b264c5524cdbbc7663a83145a66895d
  depends:
  - git >=2.26.0
  - python >=3.10
  - python
  license: MIT
  license_family: MIT
  purls:
  - pkg:pypi/git-filter-repo?source=hash-mapping
  size: 78437
  timestamp: 1765799455107
- conda: https://conda.anaconda.org/conda-forge/noarch/h2-4.3.0-pyhcf101f3_0.conda
  sha256: 84c64443368f84b600bfecc529a1194a3b14c3656ee2e832d15a20e0329b6da3
  md5: 164fc43f0b53b6e3a7bc7dce5e4f1dc9
  depends:
  - python >=3.10
  - hyperframe >=6.1,<7
  - hpack >=4.1,<5
  - python
  license: MIT
  license_family: MIT
  purls:
  - pkg:pypi/h2?source=hash-mapping
  size: 95967
  timestamp: 1756364871835
- conda: https://conda.anaconda.org/conda-forge/noarch/hpack-4.1.0-pyhd8ed1ab_0.conda
  sha256: 6ad78a180576c706aabeb5b4c8ceb97c0cb25f1e112d76495bff23e3779948ba
  md5: 0a802cb9888dd14eeefc611f05c40b6e
  depends:
  - python >=3.9
  license: MIT
  license_family: MIT
  purls:
  - pkg:pypi/hpack?source=hash-mapping
  size: 30731
  timestamp: 1737618390337
- conda: https://conda.anaconda.org/conda-forge/noarch/hyperframe-6.1.0-pyhd8ed1ab_0.conda
  sha256: 77af6f5fe8b62ca07d09ac60127a30d9069fdc3c68d6b256754d0ffb1f7779f8
  md5: 8e6923fc12f1fe8f8c4e5c9f343256ac
  depends:
  - python >=3.9
  license: MIT
  license_family: MIT
  purls:
  - pkg:pypi/hyperframe?source=hash-mapping
  size: 17397
  timestamp: 1737618427549
- conda: https://conda.anaconda.org/conda-forge/osx-arm64/icu-78.2-hef89b57_0.conda
  sha256: 24bc62335106c30fecbcc1dba62c5eba06d18b90ea1061abd111af7b9c89c2d7
  md5: 114e6bfe7c5ad2525eb3597acdbf2300
  depends:
  - __osx >=11.0
  license: MIT
  license_family: MIT
  purls: []
  size: 12389400
  timestamp: 1772209104304
- conda: https://conda.anaconda.org/conda-forge/noarch/idna-3.11-pyhd8ed1ab_0.conda
  sha256: ae89d0299ada2a3162c2614a9d26557a92aa6a77120ce142f8e0109bbf0342b0
  md5: 53abe63df7e10a6ba605dc5f9f961d36
  depends:
  - python >=3.10
  license: BSD-3-Clause
  license_family: BSD
  purls:
  - pkg:pypi/idna?source=hash-mapping
  size: 50721
  timestamp: 1760286526795
- conda: https://conda.anaconda.org/conda-forge/osx-arm64/krb5-1.22.2-h385eeb1_0.conda
  sha256: c0a0bf028fe7f3defcdcaa464e536cf1b202d07451e18ad83fdd169d15bef6ed
  md5: e446e1822f4da8e5080a9de93474184d
  depends:
  - __osx >=11.0
  - libcxx >=19
  - libedit >=3.1.20250104,<3.2.0a0
  - libedit >=3.1.20250104,<4.0a0
  - openssl >=3.5.5,<4.0a0
  license: MIT
  license_family: MIT
  purls: []
  size: 1160828
  timestamp: 1769770119811
- conda: https://conda.anaconda.org/conda-forge/osx-arm64/libcurl-8.18.0-hd5a2499_1.conda
  sha256: dbc34552fc6f040bbcd52b4246ec068ce8d82be0e76bfe45c6984097758d37c2
  md5: 2742a933ef07e91f38e3d33ad6fe937c
  depends:
  - __osx >=11.0
  - krb5 >=1.22.2,<1.23.0a0
  - libnghttp2 >=1.67.0,<2.0a0
  - libssh2 >=1.11.1,<2.0a0
  - libzlib >=1.3.1,<2.0a0
  - openssl >=3.5.5,<4.0a0
  - zstd >=1.5.7,<1.6.0a0
  license: curl
  license_family: MIT
  purls: []
  size: 402616
  timestamp: 1770893178846
- conda: https://conda.anaconda.org/conda-forge/osx-arm64/libcxx-22.1.0-h55c6f16_1.conda
  sha256: ce1049fa6fda9cf08ff1c50fb39573b5b0ea6958375d8ea7ccd8456ab81a0bcb
  md5: e9c56daea841013e7774b5cd46f41564
  depends:
  - __osx >=11.0
  license: Apache-2.0 WITH LLVM-exception
  license_family: Apache
  purls: []
  size: 568910
  timestamp: 1772001095642
- conda: https://conda.anaconda.org/conda-forge/osx-arm64/libedit-3.1.20250104-pl5321hafb1f1b_0.conda
  sha256: 66aa216a403de0bb0c1340a88d1a06adaff66bae2cfd196731aa24db9859d631
  md5: 44083d2d2c2025afca315c7a172eab2b
  depends:
  - ncurses
  - __osx >=11.0
  - ncurses >=6.5,<7.0a0
  license: BSD-2-Clause
  license_family: BSD
  purls: []
  size: 107691
  timestamp: 1738479560845
- conda: https://conda.anaconda.org/conda-forge/osx-arm64/libev-4.33-h93a5062_2.conda
  sha256: 95cecb3902fbe0399c3a7e67a5bed1db813e5ab0e22f4023a5e0f722f2cc214f
  md5: 36d33e440c31857372a72137f78bacf5
  license: BSD-2-Clause
  license_family: BSD
  purls: []
  size: 107458
  timestamp: 1702146414478
- conda: https://conda.anaconda.org/conda-forge/osx-arm64/libexpat-2.7.4-hf6b4638_0.conda
  sha256: 03887d8080d6a8fe02d75b80929271b39697ecca7628f0657d7afaea87761edf
  md5: a92e310ae8dfc206ff449f362fc4217f
  depends:
  - __osx >=11.0
  constrains:
  - expat 2.7.4.*
  license: MIT
  license_family: MIT
  purls: []
  size: 68199
  timestamp: 1771260020767
- conda: https://conda.anaconda.org/conda-forge/osx-arm64/libffi-3.5.2-hcf2aa1b_0.conda
  sha256: 6686a26466a527585e6a75cc2a242bf4a3d97d6d6c86424a441677917f28bec7
  md5: 43c04d9cb46ef176bb2a4c77e324d599
  depends:
  - __osx >=11.0
  license: MIT
  license_family: MIT
  purls: []
  size: 40979
  timestamp: 1769456747661
- conda: https://conda.anaconda.org/conda-forge/osx-arm64/libiconv-1.18-h23cfdf5_2.conda
  sha256: de0336e800b2af9a40bdd694b03870ac4a848161b35c8a2325704f123f185f03
  md5: 4d5a7445f0b25b6a3ddbb56e790f5251
  depends:
  - __osx >=11.0
  license: LGPL-2.1-only
  purls: []
  size: 750379
  timestamp: 1754909073836
- conda: https://conda.anaconda.org/conda-forge/osx-arm64/libintl-0.25.1-h493aca8_0.conda
  sha256: 99d2cebcd8f84961b86784451b010f5f0a795ed1c08f1e7c76fbb3c22abf021a
  md5: 5103f6a6b210a3912faf8d7db516918c
  depends:
  - __osx >=11.0
  - libiconv >=1.18,<2.0a0
  license: LGPL-2.1-or-later
  purls: []
  size: 90957
  timestamp: 1751558394144
- conda: https://conda.anaconda.org/conda-forge/osx-arm64/liblzma-5.8.2-h8088a28_0.conda
  sha256: 7bfc7ffb2d6a9629357a70d4eadeadb6f88fa26ebc28f606b1c1e5e5ed99dc7e
  md5: 009f0d956d7bfb00de86901d16e486c7
  depends:
  - __osx >=11.0
  constrains:
  - xz 5.8.2.*
  license: 0BSD
  purls: []
  size: 92242
  timestamp: 1768752982486
- conda: https://conda.anaconda.org/conda-forge/osx-arm64/libmpdec-4.0.0-h84a0fba_1.conda
  sha256: 1089c7f15d5b62c622625ec6700732ece83be8b705da8c6607f4dabb0c4bd6d2
  md5: 57c4be259f5e0b99a5983799a228ae55
  depends:
  - __osx >=11.0
  license: BSD-2-Clause
  license_family: BSD
  purls: []
  size: 73690
  timestamp: 1769482560514
- conda: https://conda.anaconda.org/conda-forge/osx-arm64/libnghttp2-1.67.0-hc438710_0.conda
  sha256: a07cb53b5ffa2d5a18afc6fd5a526a5a53dd9523fbc022148bd2f9395697c46d
  md5: a4b4dd73c67df470d091312ab87bf6ae
  depends:
  - __osx >=11.0
  - c-ares >=1.34.5,<2.0a0
  - libcxx >=19
  - libev >=4.33,<4.34.0a0
  - libev >=4.33,<5.0a0
  - libzlib >=1.3.1,<2.0a0
  - openssl >=3.5.2,<4.0a0
  license: MIT
  license_family: MIT
  purls: []
  size: 575454
  timestamp: 1756835746393
- conda: https://conda.anaconda.org/conda-forge/osx-arm64/libsqlite-3.51.2-h1ae2325_0.conda
  sha256: 6e9b9f269732cbc4698c7984aa5b9682c168e2a8d1e0406e1ff10091ca046167
  md5: 4b0bf313c53c3e89692f020fb55d5f2c
  depends:
  - __osx >=11.0
  - icu >=78.2,<79.0a0
  - libzlib >=1.3.1,<2.0a0
  license: blessing
  purls: []
  size: 909777
  timestamp: 1768148320535
- conda: https://conda.anaconda.org/conda-forge/osx-arm64/libssh2-1.11.1-h1590b86_0.conda
  sha256: 8bfe837221390ffc6f111ecca24fa12d4a6325da0c8d131333d63d6c37f27e0a
  md5: b68e8f66b94b44aaa8de4583d3d4cc40
  depends:
  - libzlib >=1.3.1,<2.0a0
  - openssl >=3.5.0,<4.0a0
  license: BSD-3-Clause
  license_family: BSD
  purls: []
  size: 279193
  timestamp: 1745608793272
- conda: https://conda.anaconda.org/conda-forge/osx-arm64/libzlib-1.3.1-h8359307_2.conda
  sha256: ce34669eadaba351cd54910743e6a2261b67009624dbc7daeeafdef93616711b
  md5: 369964e85dc26bfe78f41399b366c435
  depends:
  - __osx >=11.0
  constrains:
  - zlib 1.3.1 *_2
  license: Zlib
  license_family: Other
  purls: []
  size: 46438
  timestamp: 1727963202283
- pypi: https://files.pythonhosted.org/packages/4b/27/20770bd6bf8fbe1e16f848ba21da9df061f38d2e6483952c29d2bb5d1d8b/narwhals-2.17.0-py3-none-any.whl
  name: narwhals
  version: 2.17.0
  sha256: 2ac5307b7c2b275a7d66eeda906b8605e3d7a760951e188dcfff86e8ebe083dd
  requires_dist:
  - cudf-cu12>=24.10.0 ; extra == 'cudf'
  - dask[dataframe]>=2024.8 ; extra == 'dask'
  - duckdb>=1.1 ; extra == 'duckdb'
  - ibis-framework>=6.0.0 ; extra == 'ibis'
  - packaging ; extra == 'ibis'
  - pyarrow-hotfix ; extra == 'ibis'
  - rich ; extra == 'ibis'
  - modin ; extra == 'modin'
  - pandas>=1.1.3 ; extra == 'pandas'
  - polars>=0.20.4 ; extra == 'polars'
  - pyarrow>=13.0.0 ; extra == 'pyarrow'
  - pyspark>=3.5.0 ; extra == 'pyspark'
  - pyspark[connect]>=3.5.0 ; extra == 'pyspark-connect'
  - duckdb>=1.1 ; extra == 'sql'
  - sqlparse ; extra == 'sql'
  - sqlframe>=3.22.0,!=3.39.3 ; extra == 'sqlframe'
  requires_python: '>=3.9'
- conda: https://conda.anaconda.org/conda-forge/osx-arm64/ncurses-6.5-h5e97a16_3.conda
  sha256: 2827ada40e8d9ca69a153a45f7fd14f32b2ead7045d3bbb5d10964898fe65733
  md5: 068d497125e4bf8a66bf707254fff5ae
  depends:
  - __osx >=11.0
  license: X11 AND BSD-3-Clause
  purls: []
  size: 797030
  timestamp: 1738196177597
- pypi: https://files.pythonhosted.org/packages/9e/c9/b2622292ea83fbb4ec318f5b9ab867d0a28ab43c5717bb85b0a5f6b3b0a4/networkx-3.6.1-py3-none-any.whl
  name: networkx
  version: 3.6.1
  sha256: d47fbf302e7d9cbbb9e2555a0d267983d2aa476bac30e90dfbe5669bd57f3762
  requires_dist:
  - asv ; extra == 'benchmarking'
  - virtualenv ; extra == 'benchmarking'
  - numpy>=1.25 ; extra == 'default'
  - scipy>=1.11.2 ; extra == 'default'
  - matplotlib>=3.8 ; extra == 'default'
  - pandas>=2.0 ; extra == 'default'
  - pre-commit>=4.1 ; extra == 'developer'
  - mypy>=1.15 ; extra == 'developer'
  - sphinx>=8.0 ; extra == 'doc'
  - pydata-sphinx-theme>=0.16 ; extra == 'doc'
  - sphinx-gallery>=0.18 ; extra == 'doc'
  - numpydoc>=1.8.0 ; extra == 'doc'
  - pillow>=10 ; extra == 'doc'
  - texext>=0.6.7 ; extra == 'doc'
  - myst-nb>=1.1 ; extra == 'doc'
  - intersphinx-registry ; extra == 'doc'
  - osmnx>=2.0.0 ; extra == 'example'
  - momepy>=0.7.2 ; extra == 'example'
  - contextily>=1.6 ; extra == 'example'
  - seaborn>=0.13 ; extra == 'example'
  - cairocffi>=1.7 ; extra == 'example'
  - igraph>=0.11 ; extra == 'example'
  - scikit-learn>=1.5 ; extra == 'example'
  - iplotx>=0.9.0 ; extra == 'example'
  - lxml>=4.6 ; extra == 'extra'
  - pygraphviz>=1.14 ; extra == 'extra'
  - pydot>=3.0.1 ; extra == 'extra'
  - sympy>=1.10 ; extra == 'extra'
  - build>=0.10 ; extra == 'release'
  - twine>=4.0 ; extra == 'release'
  - wheel>=0.40 ; extra == 'release'
  - changelist==0.5 ; extra == 'release'
  - pytest>=7.2 ; extra == 'test'
  - pytest-cov>=4.0 ; extra == 'test'
  - pytest-xdist>=3.0 ; extra == 'test'
  - pytest-mpl ; extra == 'test-extras'
  - pytest-randomly ; extra == 'test-extras'
  requires_python: '>=3.11,!=3.14.1'
- pypi: https://files.pythonhosted.org/packages/25/7a/1fee4329abc705a469a4afe6e69b1ef7e915117747886327104a8493a955/numpy-2.4.2-cp314-cp314-macosx_11_0_arm64.whl
  name: numpy
  version: 2.4.2
  sha256: d1240d50adff70c2a88217698ca844723068533f3f5c5fa6ee2e3220e3bdb000
  requires_python: '>=3.11'
- conda: https://conda.anaconda.org/conda-forge/osx-arm64/openssl-3.6.1-hd24854e_1.conda
  sha256: 361f5c5e60052abc12bdd1b50d7a1a43e6a6653aab99a2263bf2288d709dcf67
  md5: f4f6ad63f98f64191c3e77c5f5f29d76
  depends:
  - __osx >=11.0
  - ca-certificates
  license: Apache-2.0
  license_family: Apache
  purls: []
  size: 3104268
  timestamp: 1769556384749
- pypi: https://files.pythonhosted.org/packages/b7/b9/c538f279a4e237a006a2c98387d081e9eb060d203d8ed34467cc0f0b9b53/packaging-26.0-py3-none-any.whl
  name: packaging
  version: '26.0'
  sha256: b36f1fef9334a5588b4166f8bcd26a14e521f2b55e6b9de3aaa80d3ff7a37529
  requires_python: '>=3.8'
- conda: https://conda.anaconda.org/conda-forge/osx-arm64/pcre2-10.47-h30297fc_0.conda
  sha256: 5e2e443f796f2fd92adf7978286a525fb768c34e12b1ee9ded4000a41b2894ba
  md5: 9b4190c4055435ca3502070186eba53a
  depends:
  - __osx >=11.0
  - bzip2 >=1.0.8,<2.0a0
  - libzlib >=1.3.1,<2.0a0
  license: BSD-3-Clause
  license_family: BSD
  purls: []
  size: 850231
  timestamp: 1763655726735
- conda: https://conda.anaconda.org/conda-forge/osx-arm64/perl-5.32.1-7_h4614cfb_perl5.conda
  build_number: 7
  sha256: b0c55040d2994fd6bf2f83786561d92f72306d982d6ea12889acad24a9bf43b8
  md5: ba3cbe93f99e896765422cc5f7c3a79e
  license: GPL-1.0-or-later OR Artistic-1.0-Perl
  purls: []
  size: 14439531
  timestamp: 1703311335652
- pypi: https://files.pythonhosted.org/packages/52/d2/c6e44dba74f17c6216ce1b56044a9b93a929f1c2d5bdaff892512b260f5e/plotly-6.6.0-py3-none-any.whl
  name: plotly
  version: 6.6.0
  sha256: 8d6daf0f87412e0c0bfe72e809d615217ab57cc715899a1e5145135a7800d1d0
  requires_dist:
  - narwhals>=1.15.1
  - packaging
  - numpy ; extra == 'express'
  - kaleido>=1.1.0 ; extra == 'kaleido'
  - pytest ; extra == 'dev-core'
  - requests ; extra == 'dev-core'
  - ruff==0.11.12 ; extra == 'dev-core'
  - plotly[dev-core] ; extra == 'dev-build'
  - build ; extra == 'dev-build'
  - jupyter ; extra == 'dev-build'
  - plotly[dev-build] ; extra == 'dev-optional'
  - plotly[kaleido] ; extra == 'dev-optional'
  - anywidget ; extra == 'dev-optional'
  - colorcet ; extra == 'dev-optional'
  - fiona<=1.9.6 ; python_full_version < '3.9' and extra == 'dev-optional'
  - geopandas ; extra == 'dev-optional'
  - inflect ; extra == 'dev-optional'
  - numpy ; extra == 'dev-optional'
  - orjson ; extra == 'dev-optional'
  - pandas ; extra == 'dev-optional'
  - pdfrw ; extra == 'dev-optional'
  - pillow ; extra == 'dev-optional'
  - plotly-geo ; extra == 'dev-optional'
  - polars[timezone] ; extra == 'dev-optional'
  - pyarrow ; extra == 'dev-optional'
  - pyshp ; extra == 'dev-optional'
  - pytz ; extra == 'dev-optional'
  - scikit-image ; extra == 'dev-optional'
  - scipy ; extra == 'dev-optional'
  - shapely ; extra == 'dev-optional'
  - statsmodels ; extra == 'dev-optional'
  - vaex ; python_full_version < '3.10' and extra == 'dev-optional'
  - xarray ; extra == 'dev-optional'
  - plotly[dev-optional] ; extra == 'dev'
  requires_python: '>=3.8'
- pypi: ./
  name: podmind
  version: 0.1.0
  sha256: eaba013de2d4bf9d50f39d38a625ea92c1485cc4f3cf1e087b748e7c349ec8e4
  requires_dist:
  - networkx>=3.6.1,<4
  - plotly>=6.6.0,<7
  - numpy>=2.4.2,<3
  requires_python: '>=3.11'
  editable: true
- conda: https://conda.anaconda.org/conda-forge/noarch/pysocks-1.7.1-pyha55dd90_7.conda
  sha256: ba3b032fa52709ce0d9fd388f63d330a026754587a2f461117cac9ab73d8d0d8
  md5: 461219d1a5bd61342293efa2c0c90eac
  depends:
  - __unix
  - python >=3.9
  license: BSD-3-Clause
  license_family: BSD
  purls:
  - pkg:pypi/pysocks?source=hash-mapping
  size: 21085
  timestamp: 1733217331982
- conda: https://conda.anaconda.org/conda-forge/osx-arm64/python-3.14.3-h4c637c5_101_cp314.conda
  build_number: 101
  sha256: fccce2af62d11328d232df9f6bbf63464fd45f81f718c661757f9c628c4378ce
  md5: 753c8d0447677acb7ddbcc6e03e82661
  depends:
  - __osx >=11.0
  - bzip2 >=1.0.8,<2.0a0
  - libexpat >=2.7.3,<3.0a0
  - libffi >=3.5.2,<3.6.0a0
  - liblzma >=5.8.2,<6.0a0
  - libmpdec >=4.0.0,<5.0a0
  - libsqlite >=3.51.2,<4.0a0
  - libzlib >=1.3.1,<2.0a0
  - ncurses >=6.5,<7.0a0
  - openssl >=3.5.5,<4.0a0
  - python_abi 3.14.* *_cp314
  - readline >=8.3,<9.0a0
  - tk >=8.6.13,<8.7.0a0
  - tzdata
  - zstd >=1.5.7,<1.6.0a0
  license: Python-2.0
  purls: []
  size: 13522698
  timestamp: 1770675365241
  python_site_packages_path: lib/python3.14/site-packages
- conda: https://conda.anaconda.org/conda-forge/noarch/python_abi-3.14-8_cp314.conda
  build_number: 8
  sha256: ad6d2e9ac39751cc0529dd1566a26751a0bf2542adb0c232533d32e176e21db5
  md5: 0539938c55b6b1a59b560e843ad864a4
  constrains:
  - python 3.14.* *_cp314
  license: BSD-3-Clause
  license_family: BSD
  purls: []
  size: 6989
  timestamp: 1752805904792
- conda: https://conda.anaconda.org/conda-forge/osx-arm64/readline-8.3-h46df422_0.conda
  sha256: a77010528efb4b548ac2a4484eaf7e1c3907f2aec86123ed9c5212ae44502477
  md5: f8381319127120ce51e081dce4865cf4
  depends:
  - __osx >=11.0
  - ncurses >=6.5,<7.0a0
  license: GPL-3.0-only
  license_family: GPL
  purls: []
  size: 313930
  timestamp: 1765813902568
- conda: https://conda.anaconda.org/conda-forge/noarch/requests-2.32.5-pyhcf101f3_1.conda
  sha256: 7813c38b79ae549504b2c57b3f33394cea4f2ad083f0994d2045c2e24cb538c5
  md5: c65df89a0b2e321045a9e01d1337b182
  depends:
  - python >=3.10
  - certifi >=2017.4.17
  - charset-normalizer >=2,<4
  - idna >=2.5,<4
  - urllib3 >=1.21.1,<3
  - python
  constrains:
  - chardet >=3.0.2,<6
  license: Apache-2.0
  license_family: APACHE
  purls:
  - pkg:pypi/requests?source=compressed-mapping
  size: 63602
  timestamp: 1766926974520
- conda: https://conda.anaconda.org/conda-forge/osx-arm64/tk-8.6.13-h010d191_3.conda
  sha256: 799cab4b6cde62f91f750149995d149bc9db525ec12595e8a1d91b9317f038b3
  md5: a9d86bc62f39b94c4661716624eb21b0
  depends:
  - __osx >=11.0
  - libzlib >=1.3.1,<2.0a0
  license: TCL
  license_family: BSD
  purls: []
  size: 3127137
  timestamp: 1769460817696
- conda: https://conda.anaconda.org/conda-forge/noarch/tzdata-2025c-hc9c84f9_1.conda
  sha256: 1d30098909076af33a35017eed6f2953af1c769e273a0626a04722ac4acaba3c
  md5: ad659d0a2b3e47e38d829aa8cad2d610
  license: LicenseRef-Public-Domain
  purls: []
  size: 119135
  timestamp: 1767016325805
- conda: https://conda.anaconda.org/conda-forge/noarch/urllib3-2.6.3-pyhd8ed1ab_0.conda
  sha256: af641ca7ab0c64525a96fd9ad3081b0f5bcf5d1cbb091afb3f6ed5a9eee6111a
  md5: 9272daa869e03efe68833e3dc7a02130
  depends:
  - backports.zstd >=1.0.0
  - brotli-python >=1.2.0
  - h2 >=4,<5
  - pysocks >=1.5.6,<2.0,!=1.5.7
  - python >=3.10
  license: MIT
  license_family: MIT
  purls:
  - pkg:pypi/urllib3?source=hash-mapping
  size: 103172
  timestamp: 1767817860341
- conda: https://conda.anaconda.org/conda-forge/noarch/youtube-transcript-api-1.2.4-pyhcf101f3_1.conda
  sha256: fee7ef2a079d61f998847eff32e4d051615d3b1adb99f11c67331ca089e67257
  md5: 39777a13b05608556e325db9cb8e16e2
  depends:
  - python >=3.10
  - requests
  - defusedxml >=0.7.1,<0.8.0
  - python
  license: MIT
  license_family: MIT
  purls:
  - pkg:pypi/youtube-transcript-api?source=hash-mapping
  size: 213841
  timestamp: 1770903294307
- conda: https://conda.anaconda.org/conda-forge/osx-arm64/zstd-1.5.7-hbf9d68e_6.conda
  sha256: 9485ba49e8f47d2b597dd399e88f4802e100851b27c21d7525625b0b4025a5d9
  md5: ab136e4c34e97f34fb621d2592a393d8
  depends:
  - __osx >=11.0
  - libzlib >=1.3.1,<2.0a0
  license: BSD-3-Clause
  license_family: BSD
  purls: []
  size: 433413
  timestamp: 1764777166076
